
Microsoft Visual Studio Solution File, Format Version 12.00
# Visual Studio 14
VisualStudioVersion = 14.0.25123.0
MinimumVisualStudioVersion = 10.0.40219.1
Project("{FAE04EC0-301F-11D3-BF4B-00C04F79EFBC}") = "Chat.Web", "Chat.Web\Chat.Web.csproj", "{A6F045DC-0B43-4758-9C3D-FB4E1A5FBB48}"
EndProject
Project("{FAE04EC0-301F-11D3-BF4B-00C04F79EFBC}") = "Chat.Core", "Chat.Core\Chat.Core.csproj", "{2FE174B7-1EE3-4DD9-8215-F66A776C2130}"
EndProject
Global
	GlobalSection(SolutionConfigurationPlatforms) = preSolution
		Debug|Any CPU = Debug|Any CPU
		Release|Any CPU = Release|Any CPU
	EndGlobalSection
	GlobalSection(ProjectConfigurationPlatforms) = postSolution
		{A6F045DC-0B43-4758-9C3D-FB4E1A5FBB48}.Debug|Any CPU.ActiveCfg = Debug|Any CPU
		{A6F045DC-0B43-4758-9C3D-FB4E1A5FBB48}.Debug|Any CPU.Build.0 = Debug|Any CPU
		{A6F045DC-0B43-4758-9C3D-FB4E1A5FBB48}.Release|Any CPU.ActiveCfg = Release|Any CPU
		{A6F045DC-0B43-4758-9C3D-FB4E1A5FBB48}.Release|Any CPU.Build.0 = Release|Any CPU
		{2FE174B7-1EE3-4DD9-8215-F66A776C2130}.Debug|Any CPU.ActiveCfg = Debug|Any CPU
		{2FE174B7-1EE3-4DD9-8215-F66A776C2130}.Debug|Any CPU.Build.0 = Debug|Any CPU
		{2FE174B7-1EE3-4DD9-8215-F66A776C2130}.Release|Any CPU.ActiveCfg = Release|Any CPU
		{2FE174B7-1EE3-4DD9-8215-F66A776C2130}.Release|Any CPU.Build.0 = Release|Any CPU
	EndGlobalSection
	GlobalSection(SolutionProperties) = preSolution
		HideSolutionNode = FALSE
	EndGlobalSection
EndGlobal
